<?xml version="1.0" encoding="utf-8"?>
<Project ToolsVersion="4.0" xmlns="http://schemas.microsoft.com/developer/msbuild/2003">
  <ItemGroup>
    <ClCompile Include="Box.cpp">
      <Filter>Sources</Filter>
    </ClCompile>
    <ClCompile Include="main.cpp">
      <Filter>Sources</Filter>
    </ClCompile>
    <ClCompile Include="Board.cpp">
      <Filter>Sources</Filter>
    </ClCompile>
    <ClCompile Include="Player.cpp">
      <Filter>Sources</Filter>
    </ClCompile>
    <ClCompile Include="NodeFactory.cpp">
      <Filter>Sources</Filter>
    </ClCompile>
  </ItemGroup>
  <ItemGroup>
    <ClInclude Include="Box.h">
      <Filter>Headers</Filter>
    </ClInclude>
    <ClInclude Include="Wall.h">
      <Filter>Headers</Filter>
    </ClInclude>
    <ClInclude Include="Case.h">
      <Filter>Headers</Filter>
    </ClInclude>
    <ClInclude Include="Direction.h">
      <Filter>Headers</Filter>
    </ClInclude>
    <ClInclude Include="Ground.h">
      <Filter>Headers</Filter>
    </ClInclude>
    <ClInclude Include="Player.h">
      <Filter>Headers</Filter>
    </ClInclude>
    <ClInclude Include="Target.h">
      <Filter>Headers</Filter>
    </ClInclude>
    <ClInclude Include="Unmovable.h">
      <Filter>Headers</Filter>
    </ClInclude>
    <ClInclude Include="Movable.h">
      <Filter>Headers</Filter>
    </ClInclude>
    <ClInclude Include="Constants.h">
      <Filter>Headers</Filter>
    </ClInclude>
    <ClInclude Include="Board.h">
      <Filter>Headers</Filter>
    </ClInclude>
    <ClInclude Include="NodeFactory.h">
      <Filter>Headers</Filter>
    </ClInclude>
    <ClInclude Include="GUITypes.h">
      <Filter>Headers</Filter>
    </ClInclude>
  </ItemGroup>
  <ItemGroup>
    <Filter Include="Headers">
      <UniqueIdentifier>{7a765510-e84d-4657-b9da-55f502a26fc8}</UniqueIdentifier>
      <Extensions>h;hpp;hxx;hm;inl;inc;xsd</Extensions>
    </Filter>
    <Filter Include="Sources">
      <UniqueIdentifier>{25868314-6ba3-4f9c-aba8-c30e358a970e}</UniqueIdentifier>
      <Extensions>cpp;c;cc;cxx;def;odl;idl;hpj;bat;asm;asmx</Extensions>
    </Filter>
    <Filter Include="Ressources">
      <UniqueIdentifier>{8346fca4-9bca-4e74-b91c-814e878308a1}</UniqueIdentifier>
      <Extensions>rc;ico;cur;bmp;dlg;rc2;rct;bin;rgs;gif;jpg;jpeg;jpe;resx;tiff;tif;png;wav;mfcribbon-ms</Extensions>
    </Filter>
  </ItemGroup>
  <ItemGroup>
    <None Include="Textures\brickscolorhx8.jpg">
      <Filter>Ressources</Filter>
    </None>
    <None Include="Textures\rs-ground00.jpg">
      <Filter>Ressources</Filter>
    </None>
    <None Include="Textures\box.jpg">
      <Filter>Ressources</Filter>
    </None>
    <None Include="Textures\target.png">
      <Filter>Ressources</Filter>
    </None>
  </ItemGroup>
</Project>